
Microsoft Visual Studio Solution File, Format Version 12.00
# Visual Studio Version 17
VisualStudioVersion = 17.2.32519.379
MinimumVisualStudioVersion = 10.0.40219.1
Project("{FAE04EC0-301F-11D3-BF4B-00C04F79EFBC}") = "ShellExtension-ContextMenu", "ShellExtension-ContextMenu\ShellExtension-ContextMenu.csproj", "{855B2C0B-A553-4BFF-8C33-4ECBFEAB5035}"
EndProject
Project("{FAE04EC0-301F-11D3-BF4B-00C04F79EFBC}") = "Test", "Test\Test.csproj", "{73907A03-0D45-4961-BDD1-D55294F0B8F0}"
	ProjectSection(ProjectDependencies) = postProject
		{855B2C0B-A553-4BFF-8C33-4ECBFEAB5035} = {855B2C0B-A553-4BFF-8C33-4ECBFEAB5035}
	EndProjectSection
EndProject
Project("{FAE04EC0-301F-11D3-BF4B-00C04F79EFBC}") = "Installer", "Installer\Installer.csproj", "{6D218A20-EB9F-41BF-8F0C-634FE183B0FE}"
EndProject
Project("{FAE04EC0-301F-11D3-BF4B-00C04F79EFBC}") = "Uninstaller", "Uninstaller\Uninstaller.csproj", "{961286B0-8E43-4D61-84D5-574C68E094D0}"
EndProject
Global
	GlobalSection(SolutionConfigurationPlatforms) = preSolution
		Debug|Any CPU = Debug|Any CPU
		Release|Any CPU = Release|Any CPU
	EndGlobalSection
	GlobalSection(ProjectConfigurationPlatforms) = postSolution
		{855B2C0B-A553-4BFF-8C33-4ECBFEAB5035}.Debug|Any CPU.ActiveCfg = Debug|Any CPU
		{855B2C0B-A553-4BFF-8C33-4ECBFEAB5035}.Debug|Any CPU.Build.0 = Debug|Any CPU
		{855B2C0B-A553-4BFF-8C33-4ECBFEAB5035}.Release|Any CPU.ActiveCfg = Release|Any CPU
		{855B2C0B-A553-4BFF-8C33-4ECBFEAB5035}.Release|Any CPU.Build.0 = Release|Any CPU
		{73907A03-0D45-4961-BDD1-D55294F0B8F0}.Debug|Any CPU.ActiveCfg = Debug|Any CPU
		{73907A03-0D45-4961-BDD1-D55294F0B8F0}.Debug|Any CPU.Build.0 = Debug|Any CPU
		{73907A03-0D45-4961-BDD1-D55294F0B8F0}.Release|Any CPU.ActiveCfg = Release|Any CPU
		{73907A03-0D45-4961-BDD1-D55294F0B8F0}.Release|Any CPU.Build.0 = Release|Any CPU
		{6D218A20-EB9F-41BF-8F0C-634FE183B0FE}.Debug|Any CPU.ActiveCfg = Debug|Any CPU
		{6D218A20-EB9F-41BF-8F0C-634FE183B0FE}.Debug|Any CPU.Build.0 = Debug|Any CPU
		{6D218A20-EB9F-41BF-8F0C-634FE183B0FE}.Release|Any CPU.ActiveCfg = Release|Any CPU
		{6D218A20-EB9F-41BF-8F0C-634FE183B0FE}.Release|Any CPU.Build.0 = Release|Any CPU
		{961286B0-8E43-4D61-84D5-574C68E094D0}.Debug|Any CPU.ActiveCfg = Debug|Any CPU
		{961286B0-8E43-4D61-84D5-574C68E094D0}.Debug|Any CPU.Build.0 = Debug|Any CPU
		{961286B0-8E43-4D61-84D5-574C68E094D0}.Release|Any CPU.ActiveCfg = Release|Any CPU
		{961286B0-8E43-4D61-84D5-574C68E094D0}.Release|Any CPU.Build.0 = Release|Any CPU
	EndGlobalSection
	GlobalSection(SolutionProperties) = preSolution
		HideSolutionNode = FALSE
	EndGlobalSection
	GlobalSection(ExtensibilityGlobals) = postSolution
		SolutionGuid = {3A7F1A44-FDFB-4163-ABFB-3D0428B998D3}
	EndGlobalSection
EndGlobal
